
Microsoft Visual Studio Solution File, Format Version 12.00
# Visual Studio 15
VisualStudioVersion = 15.0.28307.168
MinimumVisualStudioVersion = 10.0.40219.1
Project("{2150E333-8FDC-42A3-9474-1A3956D46DE8}") = "04.advanced_opengl", "04.advanced_opengl", "{60C4E7EC-02FE-406E-BE82-7FC32A4FA5FD}"
EndProject
Project("{8BC9CEB8-8B4A-11D0-8D11-00A0C91BC942}") = "06.cubemap_and_reflections", "projects\04.advanced_opengl\06.cubemap_and_reflections\06.cubemap_and_reflections.vcxproj", "{85E2147A-6736-4591-9491-8F2B9A021088}"
EndProject
Project("{8BC9CEB8-8B4A-11D0-8D11-00A0C91BC942}") = "05.framebuffers_and_post_processing", "projects\04.advanced_opengl\05.framebuffers_and_post_processing\05.framebuffers_and_post_processing.vcxproj", "{948984F6-E1D0-40CA-B11C-8B793BBDD4DB}"
EndProject
Project("{8BC9CEB8-8B4A-11D0-8D11-00A0C91BC942}") = "01-03.stencil_and_blending", "projects\04.advanced_opengl\01-03.stencil_and_blending\01-03.stencil_and_blending.vcxproj", "{7BE81001-90F8-4F2E-B163-ED203BC4C959}"
EndProject
Project("{2150E333-8FDC-42A3-9474-1A3956D46DE8}") = "05.advanced_lighting", "05.advanced_lighting", "{A45DAE11-0B3B-4A16-8799-100D5E75DD1E}"
EndProject
Project("{8BC9CEB8-8B4A-11D0-8D11-00A0C91BC942}") = "01-02.blinn_lighting_and_gamma_correction", "projects\05.advanced_lighting\01-02.blinn_lighting_and_gamma_correction\01-02.blinn_lighting_and_gamma_correction.vcxproj", "{DF7EEA4C-DEB8-4279-A1B8-1EEB959F4C68}"
EndProject
Project("{8BC9CEB8-8B4A-11D0-8D11-00A0C91BC942}") = "03.shadow_mapping_and_post_processing", "projects\05.advanced_lighting\03.shadow_mapping_and_post_processing\03.shadow_mapping_and_post_processing.vcxproj", "{C16A4E83-BA08-453B-A7B4-6B6993D081E6}"
EndProject
Project("{2150E333-8FDC-42A3-9474-1A3956D46DE8}") = "03.model_loading", "03.model_loading", "{43254E00-8453-4A3C-ADB5-DD907EE0FC2F}"
EndProject
Project("{8BC9CEB8-8B4A-11D0-8D11-00A0C91BC942}") = "01-03.model_loading_and_lighting", "projects\03.model_loading\01-03.model_loading_and_lighting\01-03.model_loading_and_lighting.vcxproj", "{DC8100C7-34B7-4C5E-AACA-48C6433B24BD}"
EndProject
Project("{2150E333-8FDC-42A3-9474-1A3956D46DE8}") = "02.lighting", "02.lighting", "{98870FD5-EB76-4843-BE8D-E27E38245FF5}"
EndProject
Project("{8BC9CEB8-8B4A-11D0-8D11-00A0C91BC942}") = "01-03.phong_lighting", "projects\02.lighting\01-03.phong_lighting\01-03.phong_lighting.vcxproj", "{35163EFE-09C8-41BE-9A7E-EA3E9A1CC1F6}"
EndProject
Project("{8BC9CEB8-8B4A-11D0-8D11-00A0C91BC942}") = "04-06.lightmaps_and_environmental_lighting", "projects\02.lighting\04-06.lightmaps_and_environmental_lighting\04-06.lightmaps_and_environmental_lighting.vcxproj", "{A9955F24-126D-4F19-8E60-654A95180EC5}"
EndProject
Project("{2150E333-8FDC-42A3-9474-1A3956D46DE8}") = "01.getting_started", "01.getting_started", "{E736D4E9-AFC2-4083-8343-AFE628F9B3C8}"
EndProject
Project("{8BC9CEB8-8B4A-11D0-8D11-00A0C91BC942}") = "01-05.vertex_and_fragment_shaders", "projects\01.getting_started\01-05.vertex_and_fragment_shaders\01-05.vertex_and_fragment_shaders.vcxproj", "{F1E7EA46-D7B2-4552-8E4A-9103BEDB6A7D}"
EndProject
Project("{8BC9CEB8-8B4A-11D0-8D11-00A0C91BC942}") = "06.textures", "projects\01.getting_started\06.textures\06.textures.vcxproj", "{82BF50E9-67B7-4C31-84E7-2751450E1C77}"
EndProject
Project("{8BC9CEB8-8B4A-11D0-8D11-00A0C91BC942}") = "07-09.transformations_and_spaces", "projects\01.getting_started\07-09.transformations_and_spaces\07-09.transformations_and_spaces.vcxproj", "{EFEB08EB-DF9F-4776-A106-7A8463D2BBF4}"
EndProject
Global
	GlobalSection(SolutionConfigurationPlatforms) = preSolution
		Debug|Win32 = Debug|Win32
		Debug|x64 = Debug|x64
		Release|Win32 = Release|Win32
		Release|x64 = Release|x64
	EndGlobalSection
	GlobalSection(ProjectConfigurationPlatforms) = postSolution
		{85E2147A-6736-4591-9491-8F2B9A021088}.Debug|Win32.ActiveCfg = Debug|Win32
		{85E2147A-6736-4591-9491-8F2B9A021088}.Debug|Win32.Build.0 = Debug|Win32
		{85E2147A-6736-4591-9491-8F2B9A021088}.Debug|x64.ActiveCfg = Debug|x64
		{85E2147A-6736-4591-9491-8F2B9A021088}.Debug|x64.Build.0 = Debug|x64
		{85E2147A-6736-4591-9491-8F2B9A021088}.Release|Win32.ActiveCfg = Release|Win32
		{85E2147A-6736-4591-9491-8F2B9A021088}.Release|Win32.Build.0 = Release|Win32
		{85E2147A-6736-4591-9491-8F2B9A021088}.Release|x64.ActiveCfg = Release|x64
		{85E2147A-6736-4591-9491-8F2B9A021088}.Release|x64.Build.0 = Release|x64
		{948984F6-E1D0-40CA-B11C-8B793BBDD4DB}.Debug|Win32.ActiveCfg = Debug|Win32
		{948984F6-E1D0-40CA-B11C-8B793BBDD4DB}.Debug|Win32.Build.0 = Debug|Win32
		{948984F6-E1D0-40CA-B11C-8B793BBDD4DB}.Debug|x64.ActiveCfg = Debug|x64
		{948984F6-E1D0-40CA-B11C-8B793BBDD4DB}.Debug|x64.Build.0 = Debug|x64
		{948984F6-E1D0-40CA-B11C-8B793BBDD4DB}.Release|Win32.ActiveCfg = Release|Win32
		{948984F6-E1D0-40CA-B11C-8B793BBDD4DB}.Release|Win32.Build.0 = Release|Win32
		{948984F6-E1D0-40CA-B11C-8B793BBDD4DB}.Release|x64.ActiveCfg = Release|x64
		{948984F6-E1D0-40CA-B11C-8B793BBDD4DB}.Release|x64.Build.0 = Release|x64
		{7BE81001-90F8-4F2E-B163-ED203BC4C959}.Debug|Win32.ActiveCfg = Debug|Win32
		{7BE81001-90F8-4F2E-B163-ED203BC4C959}.Debug|Win32.Build.0 = Debug|Win32
		{7BE81001-90F8-4F2E-B163-ED203BC4C959}.Debug|x64.ActiveCfg = Debug|x64
		{7BE81001-90F8-4F2E-B163-ED203BC4C959}.Debug|x64.Build.0 = Debug|x64
		{7BE81001-90F8-4F2E-B163-ED203BC4C959}.Release|Win32.ActiveCfg = Release|Win32
		{7BE81001-90F8-4F2E-B163-ED203BC4C959}.Release|Win32.Build.0 = Release|Win32
		{7BE81001-90F8-4F2E-B163-ED203BC4C959}.Release|x64.ActiveCfg = Release|x64
		{7BE81001-90F8-4F2E-B163-ED203BC4C959}.Release|x64.Build.0 = Release|x64
		{DF7EEA4C-DEB8-4279-A1B8-1EEB959F4C68}.Debug|Win32.ActiveCfg = Debug|Win32
		{DF7EEA4C-DEB8-4279-A1B8-1EEB959F4C68}.Debug|Win32.Build.0 = Debug|Win32
		{DF7EEA4C-DEB8-4279-A1B8-1EEB959F4C68}.Debug|x64.ActiveCfg = Debug|x64
		{DF7EEA4C-DEB8-4279-A1B8-1EEB959F4C68}.Debug|x64.Build.0 = Debug|x64
		{DF7EEA4C-DEB8-4279-A1B8-1EEB959F4C68}.Release|Win32.ActiveCfg = Release|Win32
		{DF7EEA4C-DEB8-4279-A1B8-1EEB959F4C68}.Release|Win32.Build.0 = Release|Win32
		{DF7EEA4C-DEB8-4279-A1B8-1EEB959F4C68}.Release|x64.ActiveCfg = Release|x64
		{DF7EEA4C-DEB8-4279-A1B8-1EEB959F4C68}.Release|x64.Build.0 = Release|x64
		{C16A4E83-BA08-453B-A7B4-6B6993D081E6}.Debug|Win32.ActiveCfg = Debug|Win32
		{C16A4E83-BA08-453B-A7B4-6B6993D081E6}.Debug|Win32.Build.0 = Debug|Win32
		{C16A4E83-BA08-453B-A7B4-6B6993D081E6}.Debug|x64.ActiveCfg = Debug|x64
		{C16A4E83-BA08-453B-A7B4-6B6993D081E6}.Debug|x64.Build.0 = Debug|x64
		{C16A4E83-BA08-453B-A7B4-6B6993D081E6}.Release|Win32.ActiveCfg = Release|Win32
		{C16A4E83-BA08-453B-A7B4-6B6993D081E6}.Release|Win32.Build.0 = Release|Win32
		{C16A4E83-BA08-453B-A7B4-6B6993D081E6}.Release|x64.ActiveCfg = Release|x64
		{C16A4E83-BA08-453B-A7B4-6B6993D081E6}.Release|x64.Build.0 = Release|x64
		{DC8100C7-34B7-4C5E-AACA-48C6433B24BD}.Debug|Win32.ActiveCfg = Debug|Win32
		{DC8100C7-34B7-4C5E-AACA-48C6433B24BD}.Debug|Win32.Build.0 = Debug|Win32
		{DC8100C7-34B7-4C5E-AACA-48C6433B24BD}.Debug|x64.ActiveCfg = Debug|x64
		{DC8100C7-34B7-4C5E-AACA-48C6433B24BD}.Debug|x64.Build.0 = Debug|x64
		{DC8100C7-34B7-4C5E-AACA-48C6433B24BD}.Release|Win32.ActiveCfg = Release|Win32
		{DC8100C7-34B7-4C5E-AACA-48C6433B24BD}.Release|Win32.Build.0 = Release|Win32
		{DC8100C7-34B7-4C5E-AACA-48C6433B24BD}.Release|x64.ActiveCfg = Release|x64
		{DC8100C7-34B7-4C5E-AACA-48C6433B24BD}.Release|x64.Build.0 = Release|x64
		{35163EFE-09C8-41BE-9A7E-EA3E9A1CC1F6}.Debug|Win32.ActiveCfg = Debug|Win32
		{35163EFE-09C8-41BE-9A7E-EA3E9A1CC1F6}.Debug|Win32.Build.0 = Debug|Win32
		{35163EFE-09C8-41BE-9A7E-EA3E9A1CC1F6}.Debug|x64.ActiveCfg = Debug|x64
		{35163EFE-09C8-41BE-9A7E-EA3E9A1CC1F6}.Debug|x64.Build.0 = Debug|x64
		{35163EFE-09C8-41BE-9A7E-EA3E9A1CC1F6}.Release|Win32.ActiveCfg = Release|Win32
		{35163EFE-09C8-41BE-9A7E-EA3E9A1CC1F6}.Release|Win32.Build.0 = Release|Win32
		{35163EFE-09C8-41BE-9A7E-EA3E9A1CC1F6}.Release|x64.ActiveCfg = Release|x64
		{35163EFE-09C8-41BE-9A7E-EA3E9A1CC1F6}.Release|x64.Build.0 = Release|x64
		{A9955F24-126D-4F19-8E60-654A95180EC5}.Debug|Win32.ActiveCfg = Debug|Win32
		{A9955F24-126D-4F19-8E60-654A95180EC5}.Debug|Win32.Build.0 = Debug|Win32
		{A9955F24-126D-4F19-8E60-654A95180EC5}.Debug|x64.ActiveCfg = Debug|x64
		{A9955F24-126D-4F19-8E60-654A95180EC5}.Debug|x64.Build.0 = Debug|x64
		{A9955F24-126D-4F19-8E60-654A95180EC5}.Release|Win32.ActiveCfg = Release|Win32
		{A9955F24-126D-4F19-8E60-654A95180EC5}.Release|Win32.Build.0 = Release|Win32
		{A9955F24-126D-4F19-8E60-654A95180EC5}.Release|x64.ActiveCfg = Release|x64
		{A9955F24-126D-4F19-8E60-654A95180EC5}.Release|x64.Build.0 = Release|x64
		{F1E7EA46-D7B2-4552-8E4A-9103BEDB6A7D}.Debug|Win32.ActiveCfg = Debug|Win32
		{F1E7EA46-D7B2-4552-8E4A-9103BEDB6A7D}.Debug|Win32.Build.0 = Debug|Win32
		{F1E7EA46-D7B2-4552-8E4A-9103BEDB6A7D}.Debug|x64.ActiveCfg = Debug|x64
		{F1E7EA46-D7B2-4552-8E4A-9103BEDB6A7D}.Debug|x64.Build.0 = Debug|x64
		{F1E7EA46-D7B2-4552-8E4A-9103BEDB6A7D}.Release|Win32.ActiveCfg = Release|Win32
		{F1E7EA46-D7B2-4552-8E4A-9103BEDB6A7D}.Release|Win32.Build.0 = Release|Win32
		{F1E7EA46-D7B2-4552-8E4A-9103BEDB6A7D}.Release|x64.ActiveCfg = Release|x64
		{F1E7EA46-D7B2-4552-8E4A-9103BEDB6A7D}.Release|x64.Build.0 = Release|x64
		{82BF50E9-67B7-4C31-84E7-2751450E1C77}.Debug|Win32.ActiveCfg = Debug|Win32
		{82BF50E9-67B7-4C31-84E7-2751450E1C77}.Debug|Win32.Build.0 = Debug|Win32
		{82BF50E9-67B7-4C31-84E7-2751450E1C77}.Debug|x64.ActiveCfg = Debug|x64
		{82BF50E9-67B7-4C31-84E7-2751450E1C77}.Debug|x64.Build.0 = Debug|x64
		{82BF50E9-67B7-4C31-84E7-2751450E1C77}.Release|Win32.ActiveCfg = Release|Win32
		{82BF50E9-67B7-4C31-84E7-2751450E1C77}.Release|Win32.Build.0 = Release|Win32
		{82BF50E9-67B7-4C31-84E7-2751450E1C77}.Release|x64.ActiveCfg = Release|x64
		{82BF50E9-67B7-4C31-84E7-2751450E1C77}.Release|x64.Build.0 = Release|x64
		{EFEB08EB-DF9F-4776-A106-7A8463D2BBF4}.Debug|Win32.ActiveCfg = Debug|Win32
		{EFEB08EB-DF9F-4776-A106-7A8463D2BBF4}.Debug|Win32.Build.0 = Debug|Win32
		{EFEB08EB-DF9F-4776-A106-7A8463D2BBF4}.Debug|x64.ActiveCfg = Debug|x64
		{EFEB08EB-DF9F-4776-A106-7A8463D2BBF4}.Debug|x64.Build.0 = Debug|x64
		{EFEB08EB-DF9F-4776-A106-7A8463D2BBF4}.Release|Win32.ActiveCfg = Release|Win32
		{EFEB08EB-DF9F-4776-A106-7A8463D2BBF4}.Release|Win32.Build.0 = Release|Win32
		{EFEB08EB-DF9F-4776-A106-7A8463D2BBF4}.Release|x64.ActiveCfg = Release|x64
		{EFEB08EB-DF9F-4776-A106-7A8463D2BBF4}.Release|x64.Build.0 = Release|x64
	EndGlobalSection
	GlobalSection(SolutionProperties) = preSolution
		HideSolutionNode = FALSE
	EndGlobalSection
	GlobalSection(NestedProjects) = preSolution
		{85E2147A-6736-4591-9491-8F2B9A021088} = {60C4E7EC-02FE-406E-BE82-7FC32A4FA5FD}
		{948984F6-E1D0-40CA-B11C-8B793BBDD4DB} = {60C4E7EC-02FE-406E-BE82-7FC32A4FA5FD}
		{7BE81001-90F8-4F2E-B163-ED203BC4C959} = {60C4E7EC-02FE-406E-BE82-7FC32A4FA5FD}
		{DF7EEA4C-DEB8-4279-A1B8-1EEB959F4C68} = {A45DAE11-0B3B-4A16-8799-100D5E75DD1E}
		{C16A4E83-BA08-453B-A7B4-6B6993D081E6} = {A45DAE11-0B3B-4A16-8799-100D5E75DD1E}
		{DC8100C7-34B7-4C5E-AACA-48C6433B24BD} = {43254E00-8453-4A3C-ADB5-DD907EE0FC2F}
		{35163EFE-09C8-41BE-9A7E-EA3E9A1CC1F6} = {98870FD5-EB76-4843-BE8D-E27E38245FF5}
		{A9955F24-126D-4F19-8E60-654A95180EC5} = {98870FD5-EB76-4843-BE8D-E27E38245FF5}
		{F1E7EA46-D7B2-4552-8E4A-9103BEDB6A7D} = {E736D4E9-AFC2-4083-8343-AFE628F9B3C8}
		{82BF50E9-67B7-4C31-84E7-2751450E1C77} = {E736D4E9-AFC2-4083-8343-AFE628F9B3C8}
		{EFEB08EB-DF9F-4776-A106-7A8463D2BBF4} = {E736D4E9-AFC2-4083-8343-AFE628F9B3C8}
	EndGlobalSection
	GlobalSection(ExtensibilityGlobals) = postSolution
		SolutionGuid = {647B2DF6-D3EC-4B19-83BA-AA616147B9FA}
	EndGlobalSection
EndGlobal
